
Microsoft Visual Studio Solution File, Format Version 12.00
# Visual Studio Version 17
VisualStudioVersion = 17.0.31903.59
MinimumVisualStudioVersion = 10.0.40219.1
Project("{FAE04EC0-301F-11D3-BF4B-00C04F79EFBC}") = "common", "common\common.csproj", "{63A261F4-9021-477A-8A90-2C89DC581EAE}"
EndProject
Project("{FAE04EC0-301F-11D3-BF4B-00C04F79EFBC}") = "sum-application", "sum-application\sum-application.csproj", "{0C8AA89C-4C67-4FA5-8916-351884F15F96}"
EndProject
Global
	GlobalSection(SolutionConfigurationPlatforms) = preSolution
		Debug|Any CPU = Debug|Any CPU
		Release|Any CPU = Release|Any CPU
	EndGlobalSection
	GlobalSection(SolutionProperties) = preSolution
		HideSolutionNode = FALSE
	EndGlobalSection
	GlobalSection(ProjectConfigurationPlatforms) = postSolution
		{63A261F4-9021-477A-8A90-2C89DC581EAE}.Debug|Any CPU.ActiveCfg = Debug|Any CPU
		{63A261F4-9021-477A-8A90-2C89DC581EAE}.Debug|Any CPU.Build.0 = Debug|Any CPU
		{63A261F4-9021-477A-8A90-2C89DC581EAE}.Release|Any CPU.ActiveCfg = Release|Any CPU
		{63A261F4-9021-477A-8A90-2C89DC581EAE}.Release|Any CPU.Build.0 = Release|Any CPU
		{0C8AA89C-4C67-4FA5-8916-351884F15F96}.Debug|Any CPU.ActiveCfg = Debug|Any CPU
		{0C8AA89C-4C67-4FA5-8916-351884F15F96}.Debug|Any CPU.Build.0 = Debug|Any CPU
		{0C8AA89C-4C67-4FA5-8916-351884F15F96}.Release|Any CPU.ActiveCfg = Release|Any CPU
		{0C8AA89C-4C67-4FA5-8916-351884F15F96}.Release|Any CPU.Build.0 = Release|Any CPU
	EndGlobalSection
EndGlobal
